
Microsoft Visual Studio Solution File, Format Version 12.00
# Visual Studio Version 17
VisualStudioVersion = 17.11.35312.102
MinimumVisualStudioVersion = 10.0.40219.1
Project("{2150E333-8FDC-42A3-9474-1A3956D46DE8}") = "Web", "Web", "{93EF63D2-F88C-45A8-A833-653989757DFE}"
EndProject
Project("{2150E333-8FDC-42A3-9474-1A3956D46DE8}") = "Data", "Data", "{38EA219E-A726-46FD-ACCE-7558656F4116}"
EndProject
Project("{2150E333-8FDC-42A3-9474-1A3956D46DE8}") = "Services", "Services", "{1352A304-7786-43CE-915E-8D6FFD4E0E13}"
EndProject
Project("{2150E333-8FDC-42A3-9474-1A3956D46DE8}") = "Tests", "Tests", "{F5309D7D-C09A-4F63-9926-BBF0D4623380}"
EndProject
Project("{FAE04EC0-301F-11D3-BF4B-00C04F79EFBC}") = "AnimalHealthcare.Data", "AnimalHealthcare.Data\AnimalHealthcare.Data.csproj", "{4DDF9B42-D8C0-C1BF-27A5-0230D236BF2E}"
EndProject
Project("{FAE04EC0-301F-11D3-BF4B-00C04F79EFBC}") = "AnimalHealthcare.Data.Models", "AnimalHealthcare.Data.Models\AnimalHealthcare.Data.Models.csproj", "{DF3E586D-04D8-CD58-ED82-88955857F092}"
EndProject
Project("{FAE04EC0-301F-11D3-BF4B-00C04F79EFBC}") = "AnimalHealthcare.AutoMapping", "AnimalHealthcare.Services.AutoMapping\AnimalHealthcare.AutoMapping.csproj", "{93EC6D48-E4A9-1C6C-D60A-0F3EF6A0C1A1}"
EndProject
Project("{FAE04EC0-301F-11D3-BF4B-00C04F79EFBC}") = "AnimalHealthcare.Services.Common", "AnimalHealthcare.Services.Common\AnimalHealthcare.Services.Common.csproj", "{3BFA1478-F48F-FE53-CE2B-7D820CBFC486}"
EndProject
Project("{FAE04EC0-301F-11D3-BF4B-00C04F79EFBC}") = "AnimalHealthcare.Services.Core", "AnimalHealthcare.Services.Core\AnimalHealthcare.Services.Core.csproj", "{0D473154-2918-659A-F8A2-AA5BEAC878D8}"
EndProject
Project("{FAE04EC0-301F-11D3-BF4B-00C04F79EFBC}") = "AnimalHealthcare.IntegrationTests", "AnimalHealthcare.IntegrationTests\AnimalHealthcare.IntegrationTests.csproj", "{E3D3C70E-D751-EE8A-6AF9-AE53836EF845}"
EndProject
Project("{FAE04EC0-301F-11D3-BF4B-00C04F79EFBC}") = "AnimalHealthcare.Services.Core.Tests", "AnimalHealthcare.Services.Core.Tests\AnimalHealthcare.Services.Core.Tests.csproj", "{26198EA0-FDB5-C80F-C088-9761BDCF9167}"
EndProject
Project("{FAE04EC0-301F-11D3-BF4B-00C04F79EFBC}") = "AnimalHealthcare.Web.Tests", "AnimalHealthcare.Web.Tests\AnimalHealthcare.Web.Tests.csproj", "{9C24E81E-03AA-4EA3-501F-4977E744D725}"
EndProject
Project("{FAE04EC0-301F-11D3-BF4B-00C04F79EFBC}") = "AnimalHealthcare.Web.ViewModels", "AnimalHealthcare.Web.ViewModels\AnimalHealthcare.Web.ViewModels.csproj", "{0249800C-E235-7055-448E-C03844159ED6}"
EndProject
Project("{FAE04EC0-301F-11D3-BF4B-00C04F79EFBC}") = "AnimalHealthcare.Web.Infrastructure", "AnimalHealthcare.Web.Infrastructure\AnimalHealthcare.Web.Infrastructure.csproj", "{21F4DB14-15B7-F3B1-78D3-7BB3F9D181B0}"
EndProject
Project("{FAE04EC0-301F-11D3-BF4B-00C04F79EFBC}") = "AnimalHealthcare.Web", "AnimalHealthcare.Web\AnimalHealthcare.Web.csproj", "{4F2EA9D4-F023-961E-7730-68D672D3E4C5}"
EndProject
Project("{FAE04EC0-301F-11D3-BF4B-00C04F79EFBC}") = "AnimalHealthcare.GCommon", "AnimalHealthcare.GCommon\AnimalHealthcare.GCommon.csproj", "{D8ADD3EC-E9DB-D5C2-1F94-BC5A0DE618DD}"
EndProject
Project("{FAE04EC0-301F-11D3-BF4B-00C04F79EFBC}") = "AnimalHealthcare.Data.Common", "AnimalHealthcare.Data.Common\AnimalHealthcare.Data.Common.csproj", "{332A852A-710B-3B2B-2BFC-26D1FB13863E}"
EndProject
Global
	GlobalSection(SolutionConfigurationPlatforms) = preSolution
		Debug|Any CPU = Debug|Any CPU
		Release|Any CPU = Release|Any CPU
	EndGlobalSection
	GlobalSection(ProjectConfigurationPlatforms) = postSolution
		{4DDF9B42-D8C0-C1BF-27A5-0230D236BF2E}.Debug|Any CPU.ActiveCfg = Debug|Any CPU
		{4DDF9B42-D8C0-C1BF-27A5-0230D236BF2E}.Debug|Any CPU.Build.0 = Debug|Any CPU
		{4DDF9B42-D8C0-C1BF-27A5-0230D236BF2E}.Release|Any CPU.ActiveCfg = Release|Any CPU
		{4DDF9B42-D8C0-C1BF-27A5-0230D236BF2E}.Release|Any CPU.Build.0 = Release|Any CPU
		{DF3E586D-04D8-CD58-ED82-88955857F092}.Debug|Any CPU.ActiveCfg = Debug|Any CPU
		{DF3E586D-04D8-CD58-ED82-88955857F092}.Debug|Any CPU.Build.0 = Debug|Any CPU
		{DF3E586D-04D8-CD58-ED82-88955857F092}.Release|Any CPU.ActiveCfg = Release|Any CPU
		{DF3E586D-04D8-CD58-ED82-88955857F092}.Release|Any CPU.Build.0 = Release|Any CPU
		{93EC6D48-E4A9-1C6C-D60A-0F3EF6A0C1A1}.Debug|Any CPU.ActiveCfg = Debug|Any CPU
		{93EC6D48-E4A9-1C6C-D60A-0F3EF6A0C1A1}.Debug|Any CPU.Build.0 = Debug|Any CPU
		{93EC6D48-E4A9-1C6C-D60A-0F3EF6A0C1A1}.Release|Any CPU.ActiveCfg = Release|Any CPU
		{93EC6D48-E4A9-1C6C-D60A-0F3EF6A0C1A1}.Release|Any CPU.Build.0 = Release|Any CPU
		{3BFA1478-F48F-FE53-CE2B-7D820CBFC486}.Debug|Any CPU.ActiveCfg = Debug|Any CPU
		{3BFA1478-F48F-FE53-CE2B-7D820CBFC486}.Debug|Any CPU.Build.0 = Debug|Any CPU
		{3BFA1478-F48F-FE53-CE2B-7D820CBFC486}.Release|Any CPU.ActiveCfg = Release|Any CPU
		{3BFA1478-F48F-FE53-CE2B-7D820CBFC486}.Release|Any CPU.Build.0 = Release|Any CPU
		{0D473154-2918-659A-F8A2-AA5BEAC878D8}.Debug|Any CPU.ActiveCfg = Debug|Any CPU
		{0D473154-2918-659A-F8A2-AA5BEAC878D8}.Debug|Any CPU.Build.0 = Debug|Any CPU
		{0D473154-2918-659A-F8A2-AA5BEAC878D8}.Release|Any CPU.ActiveCfg = Release|Any CPU
		{0D473154-2918-659A-F8A2-AA5BEAC878D8}.Release|Any CPU.Build.0 = Release|Any CPU
		{E3D3C70E-D751-EE8A-6AF9-AE53836EF845}.Debug|Any CPU.ActiveCfg = Debug|Any CPU
		{E3D3C70E-D751-EE8A-6AF9-AE53836EF845}.Debug|Any CPU.Build.0 = Debug|Any CPU
		{E3D3C70E-D751-EE8A-6AF9-AE53836EF845}.Release|Any CPU.ActiveCfg = Release|Any CPU
		{E3D3C70E-D751-EE8A-6AF9-AE53836EF845}.Release|Any CPU.Build.0 = Release|Any CPU
		{26198EA0-FDB5-C80F-C088-9761BDCF9167}.Debug|Any CPU.ActiveCfg = Debug|Any CPU
		{26198EA0-FDB5-C80F-C088-9761BDCF9167}.Debug|Any CPU.Build.0 = Debug|Any CPU
		{26198EA0-FDB5-C80F-C088-9761BDCF9167}.Release|Any CPU.ActiveCfg = Release|Any CPU
		{26198EA0-FDB5-C80F-C088-9761BDCF9167}.Release|Any CPU.Build.0 = Release|Any CPU
		{9C24E81E-03AA-4EA3-501F-4977E744D725}.Debug|Any CPU.ActiveCfg = Debug|Any CPU
		{9C24E81E-03AA-4EA3-501F-4977E744D725}.Debug|Any CPU.Build.0 = Debug|Any CPU
		{9C24E81E-03AA-4EA3-501F-4977E744D725}.Release|Any CPU.ActiveCfg = Release|Any CPU
		{9C24E81E-03AA-4EA3-501F-4977E744D725}.Release|Any CPU.Build.0 = Release|Any CPU
		{0249800C-E235-7055-448E-C03844159ED6}.Debug|Any CPU.ActiveCfg = Debug|Any CPU
		{0249800C-E235-7055-448E-C03844159ED6}.Debug|Any CPU.Build.0 = Debug|Any CPU
		{0249800C-E235-7055-448E-C03844159ED6}.Release|Any CPU.ActiveCfg = Release|Any CPU
		{0249800C-E235-7055-448E-C03844159ED6}.Release|Any CPU.Build.0 = Release|Any CPU
		{21F4DB14-15B7-F3B1-78D3-7BB3F9D181B0}.Debug|Any CPU.ActiveCfg = Debug|Any CPU
		{21F4DB14-15B7-F3B1-78D3-7BB3F9D181B0}.Debug|Any CPU.Build.0 = Debug|Any CPU
		{21F4DB14-15B7-F3B1-78D3-7BB3F9D181B0}.Release|Any CPU.ActiveCfg = Release|Any CPU
		{21F4DB14-15B7-F3B1-78D3-7BB3F9D181B0}.Release|Any CPU.Build.0 = Release|Any CPU
		{4F2EA9D4-F023-961E-7730-68D672D3E4C5}.Debug|Any CPU.ActiveCfg = Debug|Any CPU
		{4F2EA9D4-F023-961E-7730-68D672D3E4C5}.Debug|Any CPU.Build.0 = Debug|Any CPU
		{4F2EA9D4-F023-961E-7730-68D672D3E4C5}.Release|Any CPU.ActiveCfg = Release|Any CPU
		{4F2EA9D4-F023-961E-7730-68D672D3E4C5}.Release|Any CPU.Build.0 = Release|Any CPU
		{D8ADD3EC-E9DB-D5C2-1F94-BC5A0DE618DD}.Debug|Any CPU.ActiveCfg = Debug|Any CPU
		{D8ADD3EC-E9DB-D5C2-1F94-BC5A0DE618DD}.Debug|Any CPU.Build.0 = Debug|Any CPU
		{D8ADD3EC-E9DB-D5C2-1F94-BC5A0DE618DD}.Release|Any CPU.ActiveCfg = Release|Any CPU
		{D8ADD3EC-E9DB-D5C2-1F94-BC5A0DE618DD}.Release|Any CPU.Build.0 = Release|Any CPU
		{332A852A-710B-3B2B-2BFC-26D1FB13863E}.Debug|Any CPU.ActiveCfg = Debug|Any CPU
		{332A852A-710B-3B2B-2BFC-26D1FB13863E}.Debug|Any CPU.Build.0 = Debug|Any CPU
		{332A852A-710B-3B2B-2BFC-26D1FB13863E}.Release|Any CPU.ActiveCfg = Release|Any CPU
		{332A852A-710B-3B2B-2BFC-26D1FB13863E}.Release|Any CPU.Build.0 = Release|Any CPU
	EndGlobalSection
	GlobalSection(SolutionProperties) = preSolution
		HideSolutionNode = FALSE
	EndGlobalSection
	GlobalSection(NestedProjects) = preSolution
		{4DDF9B42-D8C0-C1BF-27A5-0230D236BF2E} = {38EA219E-A726-46FD-ACCE-7558656F4116}
		{DF3E586D-04D8-CD58-ED82-88955857F092} = {38EA219E-A726-46FD-ACCE-7558656F4116}
		{93EC6D48-E4A9-1C6C-D60A-0F3EF6A0C1A1} = {1352A304-7786-43CE-915E-8D6FFD4E0E13}
		{3BFA1478-F48F-FE53-CE2B-7D820CBFC486} = {1352A304-7786-43CE-915E-8D6FFD4E0E13}
		{0D473154-2918-659A-F8A2-AA5BEAC878D8} = {1352A304-7786-43CE-915E-8D6FFD4E0E13}
		{E3D3C70E-D751-EE8A-6AF9-AE53836EF845} = {F5309D7D-C09A-4F63-9926-BBF0D4623380}
		{26198EA0-FDB5-C80F-C088-9761BDCF9167} = {F5309D7D-C09A-4F63-9926-BBF0D4623380}
		{9C24E81E-03AA-4EA3-501F-4977E744D725} = {F5309D7D-C09A-4F63-9926-BBF0D4623380}
		{0249800C-E235-7055-448E-C03844159ED6} = {93EF63D2-F88C-45A8-A833-653989757DFE}
		{21F4DB14-15B7-F3B1-78D3-7BB3F9D181B0} = {93EF63D2-F88C-45A8-A833-653989757DFE}
		{4F2EA9D4-F023-961E-7730-68D672D3E4C5} = {93EF63D2-F88C-45A8-A833-653989757DFE}
		{332A852A-710B-3B2B-2BFC-26D1FB13863E} = {38EA219E-A726-46FD-ACCE-7558656F4116}
	EndGlobalSection
	GlobalSection(ExtensibilityGlobals) = postSolution
		SolutionGuid = {0063E44C-41E7-488F-ABC8-30AB4DD8226E}
	EndGlobalSection
EndGlobal
